
Microsoft Visual Studio Solution File, Format Version 12.00
Project("{FAE04EC0-301F-11D3-BF4B-00C04F79EFBC}") = "DotNetExamples", "DotNetExamples\DotNetExamples.csproj", "{8B4864C8-E33D-474A-9B41-6EA00D264E67}"
EndProject
Global
	GlobalSection(SolutionConfigurationPlatforms) = preSolution
		Debug|Any CPU = Debug|Any CPU
		Release|Any CPU = Release|Any CPU
	EndGlobalSection
	GlobalSection(ProjectConfigurationPlatforms) = postSolution
		{8B4864C8-E33D-474A-9B41-6EA00D264E67}.Debug|Any CPU.ActiveCfg = Debug|Any CPU
		{8B4864C8-E33D-474A-9B41-6EA00D264E67}.Debug|Any CPU.Build.0 = Debug|Any CPU
		{8B4864C8-E33D-474A-9B41-6EA00D264E67}.Release|Any CPU.ActiveCfg = Release|Any CPU
		{8B4864C8-E33D-474A-9B41-6EA00D264E67}.Release|Any CPU.Build.0 = Release|Any CPU
	EndGlobalSection
EndGlobal
